// !$*UTF8*$!
{
	archiveVersion = 1;
	classes = {
	};
	objectVersion = 51;
	objects = {

/* Begin PBXBuildFile section */
		C50C75322297914D005A16DD /* AppIcon.appiconset in Resources */ = {isa = PBXBuildFile; fileRef = C50C75312297914D005A16DD /* AppIcon.appiconset */; };
		C518C21F23A006A800AB261E /* ReactiveExtensions.swift in Sources */ = {isa = PBXBuildFile; fileRef = C518C21E23A006A800AB261E /* ReactiveExtensions.swift */; };
		C527E608239F3F3700FCB123 /* IntroPagesModel.swift in Sources */ = {isa = PBXBuildFile; fileRef = C527E607239F3F3700FCB123 /* IntroPagesModel.swift */; };
		C527E612239F46DD00FCB123 /* Colors.swift in Sources */ = {isa = PBXBuildFile; fileRef = C527E611239F46DD00FCB123 /* Colors.swift */; };
		C527E614239F49FF00FCB123 /* IntroVC.swift in Sources */ = {isa = PBXBuildFile; fileRef = C527E613239F49FF00FCB123 /* IntroVC.swift */; };
		C570244E239F554E00ADEB79 /* IntroVM.swift in Sources */ = {isa = PBXBuildFile; fileRef = C570244D239F554E00ADEB79 /* IntroVM.swift */; };
		C58776BA2267DA86007C680D /* GoogleService-Info.plist in Resources */ = {isa = PBXBuildFile; fileRef = C58776B92267DA86007C680D /* GoogleService-Info.plist */; };
		C5C35EEB227A1C7B00103AD9 /* ApiKeys.swift in Sources */ = {isa = PBXBuildFile; fileRef = C5C35EEA227A1C7B00103AD9 /* ApiKeys.swift */; };
		C5D83E2122581793009CB884 /* AppDelegate.swift in Sources */ = {isa = PBXBuildFile; fileRef = C5D83E2022581793009CB884 /* AppDelegate.swift */; };
		C5D83E2822581794009CB884 /* Assets.xcassets in Resources */ = {isa = PBXBuildFile; fileRef = C5D83E2722581794009CB884 /* Assets.xcassets */; };
		C5D83E2B22581794009CB884 /* LaunchScreen.storyboard in Resources */ = {isa = PBXBuildFile; fileRef = C5D83E2922581794009CB884 /* LaunchScreen.storyboard */; };
		C5F1518323BC267800B57113 /* CircularLinkedList.swift in Sources */ = {isa = PBXBuildFile; fileRef = C5F1518223BC267800B57113 /* CircularLinkedList.swift */; };
		C5F1518523BC268A00B57113 /* Node.swift in Sources */ = {isa = PBXBuildFile; fileRef = C5F1518423BC268A00B57113 /* Node.swift */; };
		D34B1F79709B5F5A3BD8D8B6 /* Pods_Litterly.framework in Frameworks */ = {isa = PBXBuildFile; fileRef = A6E706035DFCD681245FB63D /* Pods_Litterly.framework */; };
/* End PBXBuildFile section */

/* Begin PBXFileReference section */
		39E256F25A70D3C807D7B6F4 /* Pods-Litterly.release.xcconfig */ = {isa = PBXFileReference; includeInIndex = 1; lastKnownFileType = text.xcconfig; name = "Pods-Litterly.release.xcconfig"; path = "Target Support Files/Pods-Litterly/Pods-Litterly.release.xcconfig"; sourceTree = "<group>"; };
		A6E706035DFCD681245FB63D /* Pods_Litterly.framework */ = {isa = PBXFileReference; explicitFileType = wrapper.framework; includeInIndex = 0; path = Pods_Litterly.framework; sourceTree = BUILT_PRODUCTS_DIR; };
		C50C75312297914D005A16DD /* AppIcon.appiconset */ = {isa = PBXFileReference; lastKnownFileType = folder; path = AppIcon.appiconset; sourceTree = "<group>"; };
		C50E767F23BD439900F3E468 /* LitterlyPlayground.playground */ = {isa = PBXFileReference; lastKnownFileType = file.playground; path = LitterlyPlayground.playground; sourceTree = "<group>"; xcLanguageSpecificationIdentifier = xcode.lang.swift; };
		C518C21E23A006A800AB261E /* ReactiveExtensions.swift */ = {isa = PBXFileReference; lastKnownFileType = sourcecode.swift; path = ReactiveExtensions.swift; sourceTree = "<group>"; };
		C527E607239F3F3700FCB123 /* IntroPagesModel.swift */ = {isa = PBXFileReference; lastKnownFileType = sourcecode.swift; path = IntroPagesModel.swift; sourceTree = "<group>"; };
		C527E611239F46DD00FCB123 /* Colors.swift */ = {isa = PBXFileReference; lastKnownFileType = sourcecode.swift; path = Colors.swift; sourceTree = "<group>"; };
		C527E613239F49FF00FCB123 /* IntroVC.swift */ = {isa = PBXFileReference; lastKnownFileType = sourcecode.swift; path = IntroVC.swift; sourceTree = "<group>"; };
		C570244D239F554E00ADEB79 /* IntroVM.swift */ = {isa = PBXFileReference; lastKnownFileType = sourcecode.swift; path = IntroVM.swift; sourceTree = "<group>"; };
		C58776B92267DA86007C680D /* GoogleService-Info.plist */ = {isa = PBXFileReference; fileEncoding = 4; lastKnownFileType = text.plist.xml; path = "GoogleService-Info.plist"; sourceTree = "<group>"; };
		C58E1CCE22EFE26E00A05DFB /* Litterly.entitlements */ = {isa = PBXFileReference; lastKnownFileType = text.plist.entitlements; path = Litterly.entitlements; sourceTree = "<group>"; };
		C5C35EEA227A1C7B00103AD9 /* ApiKeys.swift */ = {isa = PBXFileReference; lastKnownFileType = sourcecode.swift; path = ApiKeys.swift; sourceTree = "<group>"; };
		C5D83E1D22581793009CB884 /* Litterly.app */ = {isa = PBXFileReference; explicitFileType = wrapper.application; includeInIndex = 0; path = Litterly.app; sourceTree = BUILT_PRODUCTS_DIR; };
		C5D83E2022581793009CB884 /* AppDelegate.swift */ = {isa = PBXFileReference; lastKnownFileType = sourcecode.swift; path = AppDelegate.swift; sourceTree = "<group>"; };
		C5D83E2722581794009CB884 /* Assets.xcassets */ = {isa = PBXFileReference; lastKnownFileType = folder.assetcatalog; path = Assets.xcassets; sourceTree = "<group>"; };
		C5D83E2A22581794009CB884 /* Base */ = {isa = PBXFileReference; lastKnownFileType = file.storyboard; name = Base; path = Base.lproj/LaunchScreen.storyboard; sourceTree = "<group>"; };
		C5D83E2C22581794009CB884 /* Info.plist */ = {isa = PBXFileReference; lastKnownFileType = text.plist.xml; path = Info.plist; sourceTree = "<group>"; };
		C5F1518223BC267800B57113 /* CircularLinkedList.swift */ = {isa = PBXFileReference; lastKnownFileType = sourcecode.swift; path = CircularLinkedList.swift; sourceTree = "<group>"; };
		C5F1518423BC268A00B57113 /* Node.swift */ = {isa = PBXFileReference; lastKnownFileType = sourcecode.swift; path = Node.swift; sourceTree = "<group>"; };
		CCB928DB4E5E78DB217C54B3 /* Pods-Litterly.debug.xcconfig */ = {isa = PBXFileReference; includeInIndex = 1; lastKnownFileType = text.xcconfig; name = "Pods-Litterly.debug.xcconfig"; path = "Target Support Files/Pods-Litterly/Pods-Litterly.debug.xcconfig"; sourceTree = "<group>"; };
/* End PBXFileReference section */

/* Begin PBXFrameworksBuildPhase section */
		C5D83E1A22581793009CB884 /* Frameworks */ = {
			isa = PBXFrameworksBuildPhase;
			buildActionMask = 2147483647;
			files = (
				D34B1F79709B5F5A3BD8D8B6 /* Pods_Litterly.framework in Frameworks */,
			);
			runOnlyForDeploymentPostprocessing = 0;
		};
/* End PBXFrameworksBuildPhase section */

/* Begin PBXGroup section */
		6344928A19CA66CD1E8498A7 /* Pods */ = {
			isa = PBXGroup;
			children = (
				CCB928DB4E5E78DB217C54B3 /* Pods-Litterly.debug.xcconfig */,
				39E256F25A70D3C807D7B6F4 /* Pods-Litterly.release.xcconfig */,
			);
			path = Pods;
			sourceTree = "<group>";
		};
		C518C21D23A0068800AB261E /* reactive_extensions */ = {
			isa = PBXGroup;
			children = (
				C518C21E23A006A800AB261E /* ReactiveExtensions.swift */,
			);
			path = reactive_extensions;
			sourceTree = "<group>";
		};
		C527E601239F3B9D00FCB123 /* supporting_files */ = {
			isa = PBXGroup;
			children = (
				C518C21D23A0068800AB261E /* reactive_extensions */,
				C5D83E2922581794009CB884 /* LaunchScreen.storyboard */,
				C527E610239F468800FCB123 /* app_constants */,
				C527E602239F3C6400FCB123 /* app_delegate */,
				C5C35EE9227A1C5A00103AD9 /* keys */,
			);
			path = supporting_files;
			sourceTree = "<group>";
		};
		C527E602239F3C6400FCB123 /* app_delegate */ = {
			isa = PBXGroup;
			children = (
				C5D83E2022581793009CB884 /* AppDelegate.swift */,
			);
			path = app_delegate;
			sourceTree = "<group>";
		};
		C527E603239F3E0600FCB123 /* intro_flow */ = {
			isa = PBXGroup;
			children = (
				C527E606239F3F1700FCB123 /* model */,
				C527E609239F414100FCB123 /* view_controller */,
				C527E60A239F415800FCB123 /* view_models */,
			);
			path = intro_flow;
			sourceTree = "<group>";
		};
		C527E606239F3F1700FCB123 /* model */ = {
			isa = PBXGroup;
			children = (
				C5F1518223BC267800B57113 /* CircularLinkedList.swift */,
				C5F1518423BC268A00B57113 /* Node.swift */,
				C527E607239F3F3700FCB123 /* IntroPagesModel.swift */,
			);
			path = model;
			sourceTree = "<group>";
		};
		C527E609239F414100FCB123 /* view_controller */ = {
			isa = PBXGroup;
			children = (
				C527E613239F49FF00FCB123 /* IntroVC.swift */,
			);
			path = view_controller;
			sourceTree = "<group>";
		};
		C527E60A239F415800FCB123 /* view_models */ = {
			isa = PBXGroup;
			children = (
				C570244D239F554E00ADEB79 /* IntroVM.swift */,
			);
			path = view_models;
			sourceTree = "<group>";
		};
		C527E610239F468800FCB123 /* app_constants */ = {
			isa = PBXGroup;
			children = (
				C527E611239F46DD00FCB123 /* Colors.swift */,
			);
			path = app_constants;
			sourceTree = "<group>";
		};
		C5C35EE9227A1C5A00103AD9 /* keys */ = {
			isa = PBXGroup;
			children = (
				C5C35EEA227A1C7B00103AD9 /* ApiKeys.swift */,
			);
			path = keys;
			sourceTree = "<group>";
		};
		C5D83E1422581793009CB884 = {
			isa = PBXGroup;
			children = (
				C50E767F23BD439900F3E468 /* LitterlyPlayground.playground */,
				C5D83E1F22581793009CB884 /* Litterly */,
				C5D83E1E22581793009CB884 /* Products */,
				6344928A19CA66CD1E8498A7 /* Pods */,
				CCAFCF734AD4EBD5E0794F3B /* Frameworks */,
			);
			sourceTree = "<group>";
		};
		C5D83E1E22581793009CB884 /* Products */ = {
			isa = PBXGroup;
			children = (
				C5D83E1D22581793009CB884 /* Litterly.app */,
			);
			name = Products;
			sourceTree = "<group>";
		};
		C5D83E1F22581793009CB884 /* Litterly */ = {
			isa = PBXGroup;
			children = (
				C58776B92267DA86007C680D /* GoogleService-Info.plist */,
				C5D83E2C22581794009CB884 /* Info.plist */,
				C58E1CCE22EFE26E00A05DFB /* Litterly.entitlements */,
				C527E603239F3E0600FCB123 /* intro_flow */,
				C527E601239F3B9D00FCB123 /* supporting_files */,
				C5D83E2722581794009CB884 /* Assets.xcassets */,
				C50C75312297914D005A16DD /* AppIcon.appiconset */,
			);
			path = Litterly;
			sourceTree = "<group>";
		};
		CCAFCF734AD4EBD5E0794F3B /* Frameworks */ = {
			isa = PBXGroup;
			children = (
				A6E706035DFCD681245FB63D /* Pods_Litterly.framework */,
			);
			name = Frameworks;
			sourceTree = "<group>";
		};
/* End PBXGroup section */

/* Begin PBXNativeTarget section */
		C5D83E1C22581793009CB884 /* Litterly */ = {
			isa = PBXNativeTarget;
			buildConfigurationList = C5D83E2F22581794009CB884 /* Build configuration list for PBXNativeTarget "Litterly" */;
			buildPhases = (
				60E398FF8A631B9B0C5E6928 /* [CP] Check Pods Manifest.lock */,
				C5D83E1922581793009CB884 /* Sources */,
				C5D83E1A22581793009CB884 /* Frameworks */,
				C5D83E1B22581793009CB884 /* Resources */,
				2BA6D8C67F7CFEB5D34B994E /* [CP] Embed Pods Frameworks */,
				C21421F7B65E0B24437374EE /* [CP] Copy Pods Resources */,
			);
			buildRules = (
			);
			dependencies = (
			);
			name = Litterly;
			productName = Litterly;
			productReference = C5D83E1D22581793009CB884 /* Litterly.app */;
			productType = "com.apple.product-type.application";
		};
/* End PBXNativeTarget section */

/* Begin PBXProject section */
		C5D83E1522581793009CB884 /* Project object */ = {
			isa = PBXProject;
			attributes = {
				LastSwiftUpdateCheck = 1020;
				LastUpgradeCheck = 1020;
				ORGANIZATIONNAME = "Joy Paul";
				TargetAttributes = {
					C5D83E1C22581793009CB884 = {
						CreatedOnToolsVersion = 10.2;
						SystemCapabilities = {
							com.apple.BackgroundModes = {
								enabled = 1;
							};
							com.apple.Push = {
								enabled = 1;
							};
						};
					};
				};
			};
			buildConfigurationList = C5D83E1822581793009CB884 /* Build configuration list for PBXProject "Litterly" */;
			compatibilityVersion = "Xcode 9.3";
			developmentRegion = en;
			hasScannedForEncodings = 0;
			knownRegions = (
				en,
				Base,
			);
			mainGroup = C5D83E1422581793009CB884;
			productRefGroup = C5D83E1E22581793009CB884 /* Products */;
			projectDirPath = "";
			projectRoot = "";
			targets = (
				C5D83E1C22581793009CB884 /* Litterly */,
			);
		};
/* End PBXProject section */

/* Begin PBXResourcesBuildPhase section */
		C5D83E1B22581793009CB884 /* Resources */ = {
			isa = PBXResourcesBuildPhase;
			buildActionMask = 2147483647;
			files = (
				C50C75322297914D005A16DD /* AppIcon.appiconset in Resources */,
				C58776BA2267DA86007C680D /* GoogleService-Info.plist in Resources */,
				C5D83E2B22581794009CB884 /* LaunchScreen.storyboard in Resources */,
				C5D83E2822581794009CB884 /* Assets.xcassets in Resources */,
			);
			runOnlyForDeploymentPostprocessing = 0;
		};
/* End PBXResourcesBuildPhase section */

/* Begin PBXShellScriptBuildPhase section */
		2BA6D8C67F7CFEB5D34B994E /* [CP] Embed Pods Frameworks */ = {
			isa = PBXShellScriptBuildPhase;
			buildActionMask = 2147483647;
			files = (
			);
			inputFileListPaths = (
				"${PODS_ROOT}/Target Support Files/Pods-Litterly/Pods-Litterly-frameworks-${CONFIGURATION}-input-files.xcfilelist",
			);
			name = "[CP] Embed Pods Frameworks";
			outputFileListPaths = (
				"${PODS_ROOT}/Target Support Files/Pods-Litterly/Pods-Litterly-frameworks-${CONFIGURATION}-output-files.xcfilelist",
			);
			runOnlyForDeploymentPostprocessing = 0;
			shellPath = /bin/sh;
			shellScript = "\"${PODS_ROOT}/Target Support Files/Pods-Litterly/Pods-Litterly-frameworks.sh\"\n";
			showEnvVarsInLog = 0;
		};
		60E398FF8A631B9B0C5E6928 /* [CP] Check Pods Manifest.lock */ = {
			isa = PBXShellScriptBuildPhase;
			buildActionMask = 2147483647;
			files = (
			);
			inputFileListPaths = (
			);
			inputPaths = (
				"${PODS_PODFILE_DIR_PATH}/Podfile.lock",
				"${PODS_ROOT}/Manifest.lock",
			);
			name = "[CP] Check Pods Manifest.lock";
			outputFileListPaths = (
			);
			outputPaths = (
				"$(DERIVED_FILE_DIR)/Pods-Litterly-checkManifestLockResult.txt",
			);
			runOnlyForDeploymentPostprocessing = 0;
			shellPath = /bin/sh;
			shellScript = "diff \"${PODS_PODFILE_DIR_PATH}/Podfile.lock\" \"${PODS_ROOT}/Manifest.lock\" > /dev/null\nif [ $? != 0 ] ; then\n    # print error to STDERR\n    echo \"error: The sandbox is not in sync with the Podfile.lock. Run 'pod install' or update your CocoaPods installation.\" >&2\n    exit 1\nfi\n# This output is used by Xcode 'outputs' to avoid re-running this script phase.\necho \"SUCCESS\" > \"${SCRIPT_OUTPUT_FILE_0}\"\n";
			showEnvVarsInLog = 0;
		};
		C21421F7B65E0B24437374EE /* [CP] Copy Pods Resources */ = {
			isa = PBXShellScriptBuildPhase;
			buildActionMask = 2147483647;
			files = (
			);
			inputFileListPaths = (
				"${PODS_ROOT}/Target Support Files/Pods-Litterly/Pods-Litterly-resources-${CONFIGURATION}-input-files.xcfilelist",
			);
			name = "[CP] Copy Pods Resources";
			outputFileListPaths = (
				"${PODS_ROOT}/Target Support Files/Pods-Litterly/Pods-Litterly-resources-${CONFIGURATION}-output-files.xcfilelist",
			);
			runOnlyForDeploymentPostprocessing = 0;
			shellPath = /bin/sh;
			shellScript = "\"${PODS_ROOT}/Target Support Files/Pods-Litterly/Pods-Litterly-resources.sh\"\n";
			showEnvVarsInLog = 0;
		};
/* End PBXShellScriptBuildPhase section */

/* Begin PBXSourcesBuildPhase section */
		C5D83E1922581793009CB884 /* Sources */ = {
			isa = PBXSourcesBuildPhase;
			buildActionMask = 2147483647;
			files = (
				C5D83E2122581793009CB884 /* AppDelegate.swift in Sources */,
				C527E612239F46DD00FCB123 /* Colors.swift in Sources */,
				C527E608239F3F3700FCB123 /* IntroPagesModel.swift in Sources */,
				C5F1518523BC268A00B57113 /* Node.swift in Sources */,
				C5F1518323BC267800B57113 /* CircularLinkedList.swift in Sources */,
				C5C35EEB227A1C7B00103AD9 /* ApiKeys.swift in Sources */,
				C527E614239F49FF00FCB123 /* IntroVC.swift in Sources */,
				C570244E239F554E00ADEB79 /* IntroVM.swift in Sources */,
				C518C21F23A006A800AB261E /* ReactiveExtensions.swift in Sources */,
			);
			runOnlyForDeploymentPostprocessing = 0;
		};
/* End PBXSourcesBuildPhase section */

/* Begin PBXVariantGroup section */
		C5D83E2922581794009CB884 /* LaunchScreen.storyboard */ = {
			isa = PBXVariantGroup;
			children = (
				C5D83E2A22581794009CB884 /* Base */,
			);
			name = LaunchScreen.storyboard;
			sourceTree = "<group>";
		};
/* End PBXVariantGroup section */

/* Begin XCBuildConfiguration section */
		C5D83E2D22581794009CB884 /* Debug */ = {
			isa = XCBuildConfiguration;
			buildSettings = {
				ALWAYS_SEARCH_USER_PATHS = NO;
				CLANG_ANALYZER_NONNULL = YES;
				CLANG_ANALYZER_NUMBER_OBJECT_CONVERSION = YES_AGGRESSIVE;
				CLANG_CXX_LANGUAGE_STANDARD = "gnu++14";
				CLANG_CXX_LIBRARY = "libc++";
				CLANG_ENABLE_MODULES = YES;
				CLANG_ENABLE_OBJC_ARC = YES;
				CLANG_ENABLE_OBJC_WEAK = YES;
				CLANG_WARN_BLOCK_CAPTURE_AUTORELEASING = YES;
				CLANG_WARN_BOOL_CONVERSION = YES;
				CLANG_WARN_COMMA = YES;
				CLANG_WARN_CONSTANT_CONVERSION = YES;
				CLANG_WARN_DEPRECATED_OBJC_IMPLEMENTATIONS = YES;
				CLANG_WARN_DIRECT_OBJC_ISA_USAGE = YES_ERROR;
				CLANG_WARN_DOCUMENTATION_COMMENTS = YES;
				CLANG_WARN_EMPTY_BODY = YES;
				CLANG_WARN_ENUM_CONVERSION = YES;
				CLANG_WARN_INFINITE_RECURSION = YES;
				CLANG_WARN_INT_CONVERSION = YES;
				CLANG_WARN_NON_LITERAL_NULL_CONVERSION = YES;
				CLANG_WARN_OBJC_IMPLICIT_RETAIN_SELF = YES;
				CLANG_WARN_OBJC_LITERAL_CONVERSION = YES;
				CLANG_WARN_OBJC_ROOT_CLASS = YES_ERROR;
				CLANG_WARN_RANGE_LOOP_ANALYSIS = YES;
				CLANG_WARN_STRICT_PROTOTYPES = YES;
				CLANG_WARN_SUSPICIOUS_MOVE = YES;
				CLANG_WARN_UNGUARDED_AVAILABILITY = YES_AGGRESSIVE;
				CLANG_WARN_UNREACHABLE_CODE = YES;
				CLANG_WARN__DUPLICATE_METHOD_MATCH = YES;
				CODE_SIGN_IDENTITY = "iPhone Developer";
				COPY_PHASE_STRIP = NO;
				DEBUG_INFORMATION_FORMAT = dwarf;
				ENABLE_STRICT_OBJC_MSGSEND = YES;
				ENABLE_TESTABILITY = YES;
				GCC_C_LANGUAGE_STANDARD = gnu11;
				GCC_DYNAMIC_NO_PIC = NO;
				GCC_NO_COMMON_BLOCKS = YES;
				GCC_OPTIMIZATION_LEVEL = 0;
				GCC_PREPROCESSOR_DEFINITIONS = (
					"DEBUG=1",
					"$(inherited)",
				);
				GCC_WARN_64_TO_32_BIT_CONVERSION = YES;
				GCC_WARN_ABOUT_RETURN_TYPE = YES_ERROR;
				GCC_WARN_UNDECLARED_SELECTOR = YES;
				GCC_WARN_UNINITIALIZED_AUTOS = YES_AGGRESSIVE;
				GCC_WARN_UNUSED_FUNCTION = YES;
				GCC_WARN_UNUSED_VARIABLE = YES;
				IPHONEOS_DEPLOYMENT_TARGET = 12.2;
				MTL_ENABLE_DEBUG_INFO = INCLUDE_SOURCE;
				MTL_FAST_MATH = YES;
				ONLY_ACTIVE_ARCH = YES;
				SDKROOT = iphoneos;
				SWIFT_ACTIVE_COMPILATION_CONDITIONS = DEBUG;
				SWIFT_OPTIMIZATION_LEVEL = "-Onone";
			};
			name = Debug;
		};
		C5D83E2E22581794009CB884 /* Release */ = {
			isa = XCBuildConfiguration;
			buildSettings = {
				ALWAYS_SEARCH_USER_PATHS = NO;
				CLANG_ANALYZER_NONNULL = YES;
				CLANG_ANALYZER_NUMBER_OBJECT_CONVERSION = YES_AGGRESSIVE;
				CLANG_CXX_LANGUAGE_STANDARD = "gnu++14";
				CLANG_CXX_LIBRARY = "libc++";
				CLANG_ENABLE_MODULES = YES;
				CLANG_ENABLE_OBJC_ARC = YES;
				CLANG_ENABLE_OBJC_WEAK = YES;
				CLANG_WARN_BLOCK_CAPTURE_AUTORELEASING = YES;
				CLANG_WARN_BOOL_CONVERSION = YES;
				CLANG_WARN_COMMA = YES;
				CLANG_WARN_CONSTANT_CONVERSION = YES;
				CLANG_WARN_DEPRECATED_OBJC_IMPLEMENTATIONS = YES;
				CLANG_WARN_DIRECT_OBJC_ISA_USAGE = YES_ERROR;
				CLANG_WARN_DOCUMENTATION_COMMENTS = YES;
				CLANG_WARN_EMPTY_BODY = YES;
				CLANG_WARN_ENUM_CONVERSION = YES;
				CLANG_WARN_INFINITE_RECURSION = YES;
				CLANG_WARN_INT_CONVERSION = YES;
				CLANG_WARN_NON_LITERAL_NULL_CONVERSION = YES;
				CLANG_WARN_OBJC_IMPLICIT_RETAIN_SELF = YES;
				CLANG_WARN_OBJC_LITERAL_CONVERSION = YES;
				CLANG_WARN_OBJC_ROOT_CLASS = YES_ERROR;
				CLANG_WARN_RANGE_LOOP_ANALYSIS = YES;
				CLANG_WARN_STRICT_PROTOTYPES = YES;
				CLANG_WARN_SUSPICIOUS_MOVE = YES;
				CLANG_WARN_UNGUARDED_AVAILABILITY = YES_AGGRESSIVE;
				CLANG_WARN_UNREACHABLE_CODE = YES;
				CLANG_WARN__DUPLICATE_METHOD_MATCH = YES;
				CODE_SIGN_IDENTITY = "iPhone Developer";
				COPY_PHASE_STRIP = NO;
				DEBUG_INFORMATION_FORMAT = "dwarf-with-dsym";
				ENABLE_NS_ASSERTIONS = NO;
				ENABLE_STRICT_OBJC_MSGSEND = YES;
				GCC_C_LANGUAGE_STANDARD = gnu11;
				GCC_NO_COMMON_BLOCKS = YES;
				GCC_WARN_64_TO_32_BIT_CONVERSION = YES;
				GCC_WARN_ABOUT_RETURN_TYPE = YES_ERROR;
				GCC_WARN_UNDECLARED_SELECTOR = YES;
				GCC_WARN_UNINITIALIZED_AUTOS = YES_AGGRESSIVE;
				GCC_WARN_UNUSED_FUNCTION = YES;
				GCC_WARN_UNUSED_VARIABLE = YES;
				IPHONEOS_DEPLOYMENT_TARGET = 12.2;
				MTL_ENABLE_DEBUG_INFO = NO;
				MTL_FAST_MATH = YES;
				SDKROOT = iphoneos;
				SWIFT_COMPILATION_MODE = wholemodule;
				SWIFT_OPTIMIZATION_LEVEL = "-O";
				VALIDATE_PRODUCT = YES;
			};
			name = Release;
		};
		C5D83E3022581794009CB884 /* Debug */ = {
			isa = XCBuildConfiguration;
			baseConfigurationReference = CCB928DB4E5E78DB217C54B3 /* Pods-Litterly.debug.xcconfig */;
			buildSettings = {
				ASSETCATALOG_COMPILER_APPICON_NAME = AppIcon;
				CODE_SIGN_ENTITLEMENTS = Litterly/Litterly.entitlements;
				CODE_SIGN_STYLE = Automatic;
				CURRENT_PROJECT_VERSION = 14;
				DEVELOPMENT_TEAM = BGNF8D28S2;
				INFOPLIST_FILE = Litterly/Info.plist;
				IPHONEOS_DEPLOYMENT_TARGET = 13.2;
				LD_RUNPATH_SEARCH_PATHS = (
					"$(inherited)",
					"@executable_path/Frameworks",
				);
				PRODUCT_BUNDLE_IDENTIFIER = joypaul.08041995.brooklyn.ny6641.litterly;
				PRODUCT_NAME = "$(TARGET_NAME)";
				SWIFT_VERSION = 5.0;
				TARGETED_DEVICE_FAMILY = 1;
			};
			name = Debug;
		};
		C5D83E3122581794009CB884 /* Release */ = {
			isa = XCBuildConfiguration;
			baseConfigurationReference = 39E256F25A70D3C807D7B6F4 /* Pods-Litterly.release.xcconfig */;
			buildSettings = {
				ASSETCATALOG_COMPILER_APPICON_NAME = AppIcon;
				CODE_SIGN_ENTITLEMENTS = Litterly/Litterly.entitlements;
				CODE_SIGN_STYLE = Automatic;
				CURRENT_PROJECT_VERSION = 14;
				DEVELOPMENT_TEAM = BGNF8D28S2;
				INFOPLIST_FILE = Litterly/Info.plist;
				IPHONEOS_DEPLOYMENT_TARGET = 13.2;
				LD_RUNPATH_SEARCH_PATHS = (
					"$(inherited)",
					"@executable_path/Frameworks",
				);
				PRODUCT_BUNDLE_IDENTIFIER = joypaul.08041995.brooklyn.ny6641.litterly;
				PRODUCT_NAME = "$(TARGET_NAME)";
				SWIFT_VERSION = 5.0;
				TARGETED_DEVICE_FAMILY = 1;
			};
			name = Release;
		};
/* End XCBuildConfiguration section */

/* Begin XCConfigurationList section */
		C5D83E1822581793009CB884 /* Build configuration list for PBXProject "Litterly" */ = {
			isa = XCConfigurationList;
			buildConfigurations = (
				C5D83E2D22581794009CB884 /* Debug */,
				C5D83E2E22581794009CB884 /* Release */,
			);
			defaultConfigurationIsVisible = 0;
			defaultConfigurationName = Release;
		};
		C5D83E2F22581794009CB884 /* Build configuration list for PBXNativeTarget "Litterly" */ = {
			isa = XCConfigurationList;
			buildConfigurations = (
				C5D83E3022581794009CB884 /* Debug */,
				C5D83E3122581794009CB884 /* Release */,
			);
			defaultConfigurationIsVisible = 0;
			defaultConfigurationName = Release;
		};
/* End XCConfigurationList section */
	};
	rootObject = C5D83E1522581793009CB884 /* Project object */;
}
